
Microsoft Visual Studio Solution File, Format Version 12.00
Project("{FAE04EC0-301F-11D3-BF4B-00C04F79EFBC}") = "NonBinary", "Source\NonBinary.csproj", "{A6FCE5A6-19C7-4111-BE57-9BA793CC6AD0}"
EndProject
Global
	GlobalSection(SolutionConfigurationPlatforms) = preSolution
		1.3 release|Any CPU = 1.3 release|Any CPU
		1.3 debug|Any CPU = 1.3 debug|Any CPU
	EndGlobalSection
	GlobalSection(ProjectConfigurationPlatforms) = postSolution
		{A6FCE5A6-19C7-4111-BE57-9BA793CC6AD0}.1.3 release|Any CPU.ActiveCfg = 1.3 release|Any CPU
		{A6FCE5A6-19C7-4111-BE57-9BA793CC6AD0}.1.3 release|Any CPU.Build.0 = 1.3 release|Any CPU
		{A6FCE5A6-19C7-4111-BE57-9BA793CC6AD0}.1.3 debug|Any CPU.ActiveCfg = 1.3 debug|Any CPU
		{A6FCE5A6-19C7-4111-BE57-9BA793CC6AD0}.1.3 debug|Any CPU.Build.0 = 1.3 debug|Any CPU
	EndGlobalSection
EndGlobal
